
Microsoft Visual Studio Solution File, Format Version 12.00
# Visual Studio Version 16
VisualStudioVersion = 16.0.29911.84
MinimumVisualStudioVersion = 10.0.40219.1
Project("{8BC9CEB8-8B4A-11D0-8D11-00A0C91BC942}") = "iocp_server", "iocp_server\iocp_server.vcxproj", "{BA1C764C-7635-499D-B945-EA847D1CA9B2}"
EndProject
Global
	GlobalSection(SolutionConfigurationPlatforms) = preSolution
		Debug|x64 = Debug|x64
		Debug|x86 = Debug|x86
		Release|x64 = Release|x64
		Release|x86 = Release|x86
	EndGlobalSection
	GlobalSection(ProjectConfigurationPlatforms) = postSolution
		{BA1C764C-7635-499D-B945-EA847D1CA9B2}.Debug|x64.ActiveCfg = Debug|x64
		{BA1C764C-7635-499D-B945-EA847D1CA9B2}.Debug|x64.Build.0 = Debug|x64
		{BA1C764C-7635-499D-B945-EA847D1CA9B2}.Debug|x86.ActiveCfg = Debug|Win32
		{BA1C764C-7635-499D-B945-EA847D1CA9B2}.Debug|x86.Build.0 = Debug|Win32
		{BA1C764C-7635-499D-B945-EA847D1CA9B2}.Release|x64.ActiveCfg = Release|x64
		{BA1C764C-7635-499D-B945-EA847D1CA9B2}.Release|x64.Build.0 = Release|x64
		{BA1C764C-7635-499D-B945-EA847D1CA9B2}.Release|x86.ActiveCfg = Release|Win32
		{BA1C764C-7635-499D-B945-EA847D1CA9B2}.Release|x86.Build.0 = Release|Win32
	EndGlobalSection
	GlobalSection(SolutionProperties) = preSolution
		HideSolutionNode = FALSE
	EndGlobalSection
	GlobalSection(ExtensibilityGlobals) = postSolution
		SolutionGuid = {70A602C8-E1B2-49FB-BFE3-2282A0718813}
	EndGlobalSection
EndGlobal
